// !$*UTF8*$!
{
	archiveVersion = 1;
	classes = {
	};
	objectVersion = 56;
	objects = {

/* Begin PBXBuildFile section */
		F5A53B93292827D500A99595 /* RecipeCategoryGridView.swift in Sources */ = {isa = PBXBuildFile; fileRef = F5A53B92292827D500A99595 /* RecipeCategoryGridView.swift */; };
		F5DAE9EA292677C300316BBB /* CookademyApp.swift in Sources */ = {isa = PBXBuildFile; fileRef = F5DAE9E9292677C300316BBB /* CookademyApp.swift */; };
		F5DAE9EC292677C300316BBB /* RecipesListView.swift in Sources */ = {isa = PBXBuildFile; fileRef = F5DAE9EB292677C300316BBB /* RecipesListView.swift */; };
		F5DAE9EE292677C600316BBB /* Assets.xcassets in Resources */ = {isa = PBXBuildFile; fileRef = F5DAE9ED292677C600316BBB /* Assets.xcassets */; };
		F5DAE9F1292677C600316BBB /* Preview Assets.xcassets in Resources */ = {isa = PBXBuildFile; fileRef = F5DAE9F0292677C600316BBB /* Preview Assets.xcassets */; };
		F5DAE9FB292678A700316BBB /* Recipe.swift in Sources */ = {isa = PBXBuildFile; fileRef = F5DAE9FA292678A700316BBB /* Recipe.swift */; };
		F5DAEA1729269DB400316BBB /* RecipeData.swift in Sources */ = {isa = PBXBuildFile; fileRef = F5DAEA1629269DB400316BBB /* RecipeData.swift */; };
		F5DAEA19292741A900316BBB /* RecipeDetailView.swift in Sources */ = {isa = PBXBuildFile; fileRef = F5DAEA18292741A900316BBB /* RecipeDetailView.swift */; };
		F5DAEA1B292745A300316BBB /* AppColor.swift in Sources */ = {isa = PBXBuildFile; fileRef = F5DAEA1A292745A300316BBB /* AppColor.swift */; };
/* End PBXBuildFile section */

/* Begin PBXFileReference section */
		F5A53B92292827D500A99595 /* RecipeCategoryGridView.swift */ = {isa = PBXFileReference; lastKnownFileType = sourcecode.swift; path = RecipeCategoryGridView.swift; sourceTree = "<group>"; };
		F5DAE9E6292677C300316BBB /* Cookademy.app */ = {isa = PBXFileReference; explicitFileType = wrapper.application; includeInIndex = 0; path = Cookademy.app; sourceTree = BUILT_PRODUCTS_DIR; };
		F5DAE9E9292677C300316BBB /* CookademyApp.swift */ = {isa = PBXFileReference; lastKnownFileType = sourcecode.swift; path = CookademyApp.swift; sourceTree = "<group>"; };
		F5DAE9EB292677C300316BBB /* RecipesListView.swift */ = {isa = PBXFileReference; lastKnownFileType = sourcecode.swift; path = RecipesListView.swift; sourceTree = "<group>"; };
		F5DAE9ED292677C600316BBB /* Assets.xcassets */ = {isa = PBXFileReference; lastKnownFileType = folder.assetcatalog; path = Assets.xcassets; sourceTree = "<group>"; };
		F5DAE9F0292677C600316BBB /* Preview Assets.xcassets */ = {isa = PBXFileReference; lastKnownFileType = folder.assetcatalog; path = "Preview Assets.xcassets"; sourceTree = "<group>"; };
		F5DAE9FA292678A700316BBB /* Recipe.swift */ = {isa = PBXFileReference; lastKnownFileType = sourcecode.swift; path = Recipe.swift; sourceTree = "<group>"; };
		F5DAEA1629269DB400316BBB /* RecipeData.swift */ = {isa = PBXFileReference; lastKnownFileType = sourcecode.swift; path = RecipeData.swift; sourceTree = "<group>"; };
		F5DAEA18292741A900316BBB /* RecipeDetailView.swift */ = {isa = PBXFileReference; lastKnownFileType = sourcecode.swift; path = RecipeDetailView.swift; sourceTree = "<group>"; };
		F5DAEA1A292745A300316BBB /* AppColor.swift */ = {isa = PBXFileReference; lastKnownFileType = sourcecode.swift; path = AppColor.swift; sourceTree = "<group>"; };
/* End PBXFileReference section */

/* Begin PBXFrameworksBuildPhase section */
		F5DAE9E3292677C300316BBB /* Frameworks */ = {
			isa = PBXFrameworksBuildPhase;
			buildActionMask = 2147483647;
			files = (
			);
			runOnlyForDeploymentPostprocessing = 0;
		};
/* End PBXFrameworksBuildPhase section */

/* Begin PBXGroup section */
		F5DAE9DD292677C300316BBB = {
			isa = PBXGroup;
			children = (
				F5DAE9E8292677C300316BBB /* Cookademy */,
				F5DAE9E7292677C300316BBB /* Products */,
			);
			sourceTree = "<group>";
		};
		F5DAE9E7292677C300316BBB /* Products */ = {
			isa = PBXGroup;
			children = (
				F5DAE9E6292677C300316BBB /* Cookademy.app */,
			);
			name = Products;
			sourceTree = "<group>";
		};
		F5DAE9E8292677C300316BBB /* Cookademy */ = {
			isa = PBXGroup;
			children = (
				F5DAE9F9292677F100316BBB /* ViewModels */,
				F5DAE9F8292677DD00316BBB /* Views */,
				F5DAE9F7292677D100316BBB /* Models */,
				F5DAE9E9292677C300316BBB /* CookademyApp.swift */,
				F5DAE9ED292677C600316BBB /* Assets.xcassets */,
				F5DAE9EF292677C600316BBB /* Preview Content */,
			);
			path = Cookademy;
			sourceTree = "<group>";
		};
		F5DAE9EF292677C600316BBB /* Preview Content */ = {
			isa = PBXGroup;
			children = (
				F5DAE9F0292677C600316BBB /* Preview Assets.xcassets */,
			);
			path = "Preview Content";
			sourceTree = "<group>";
		};
		F5DAE9F7292677D100316BBB /* Models */ = {
			isa = PBXGroup;
			children = (
				F5DAE9FA292678A700316BBB /* Recipe.swift */,
			);
			path = Models;
			sourceTree = "<group>";
		};
		F5DAE9F8292677DD00316BBB /* Views */ = {
			isa = PBXGroup;
			children = (
				F5DAE9EB292677C300316BBB /* RecipesListView.swift */,
				F5DAEA18292741A900316BBB /* RecipeDetailView.swift */,
				F5A53B92292827D500A99595 /* RecipeCategoryGridView.swift */,
			);
			path = Views;
			sourceTree = "<group>";
		};
		F5DAE9F9292677F100316BBB /* ViewModels */ = {
			isa = PBXGroup;
			children = (
				F5DAEA1629269DB400316BBB /* RecipeData.swift */,
				F5DAEA1A292745A300316BBB /* AppColor.swift */,
			);
			path = ViewModels;
			sourceTree = "<group>";
		};
/* End PBXGroup section */

/* Begin PBXNativeTarget section */
		F5DAE9E5292677C300316BBB /* Cookademy */ = {
			isa = PBXNativeTarget;
			buildConfigurationList = F5DAE9F4292677C600316BBB /* Build configuration list for PBXNativeTarget "Cookademy" */;
			buildPhases = (
				F5DAE9E2292677C300316BBB /* Sources */,
				F5DAE9E3292677C300316BBB /* Frameworks */,
				F5DAE9E4292677C300316BBB /* Resources */,
			);
			buildRules = (
			);
			dependencies = (
			);
			name = Cookademy;
			productName = Cookademy;
			productReference = F5DAE9E6292677C300316BBB /* Cookademy.app */;
			productType = "com.apple.product-type.application";
		};
/* End PBXNativeTarget section */

/* Begin PBXProject section */
		F5DAE9DE292677C300316BBB /* Project object */ = {
			isa = PBXProject;
			attributes = {
				BuildIndependentTargetsInParallel = 1;
				LastSwiftUpdateCheck = 1400;
				LastUpgradeCheck = 1400;
				TargetAttributes = {
					F5DAE9E5292677C300316BBB = {
						CreatedOnToolsVersion = 14.0.1;
					};
				};
			};
			buildConfigurationList = F5DAE9E1292677C300316BBB /* Build configuration list for PBXProject "Cookademy" */;
			compatibilityVersion = "Xcode 14.0";
			developmentRegion = en;
			hasScannedForEncodings = 0;
			knownRegions = (
				en,
				Base,
			);
			mainGroup = F5DAE9DD292677C300316BBB;
			productRefGroup = F5DAE9E7292677C300316BBB /* Products */;
			projectDirPath = "";
			projectRoot = "";
			targets = (
				F5DAE9E5292677C300316BBB /* Cookademy */,
			);
		};
/* End PBXProject section */

/* Begin PBXResourcesBuildPhase section */
		F5DAE9E4292677C300316BBB /* Resources */ = {
			isa = PBXResourcesBuildPhase;
			buildActionMask = 2147483647;
			files = (
				F5DAE9F1292677C600316BBB /* Preview Assets.xcassets in Resources */,
				F5DAE9EE292677C600316BBB /* Assets.xcassets in Resources */,
			);
			runOnlyForDeploymentPostprocessing = 0;
		};
/* End PBXResourcesBuildPhase section */

/* Begin PBXSourcesBuildPhase section */
		F5DAE9E2292677C300316BBB /* Sources */ = {
			isa = PBXSourcesBuildPhase;
			buildActionMask = 2147483647;
			files = (
				F5DAE9FB292678A700316BBB /* Recipe.swift in Sources */,
				F5DAEA19292741A900316BBB /* RecipeDetailView.swift in Sources */,
				F5A53B93292827D500A99595 /* RecipeCategoryGridView.swift in Sources */,
				F5DAEA1729269DB400316BBB /* RecipeData.swift in Sources */,
				F5DAEA1B292745A300316BBB /* AppColor.swift in Sources */,
				F5DAE9EC292677C300316BBB /* RecipesListView.swift in Sources */,
				F5DAE9EA292677C300316BBB /* CookademyApp.swift in Sources */,
			);
			runOnlyForDeploymentPostprocessing = 0;
		};
/* End PBXSourcesBuildPhase section */

/* Begin XCBuildConfiguration section */
		F5DAE9F2292677C600316BBB /* Debug */ = {
			isa = XCBuildConfiguration;
			buildSettings = {
				ALWAYS_SEARCH_USER_PATHS = NO;
				CLANG_ANALYZER_NONNULL = YES;
				CLANG_ANALYZER_NUMBER_OBJECT_CONVERSION = YES_AGGRESSIVE;
				CLANG_CXX_LANGUAGE_STANDARD = "gnu++20";
				CLANG_ENABLE_MODULES = YES;
				CLANG_ENABLE_OBJC_ARC = YES;
				CLANG_ENABLE_OBJC_WEAK = YES;
				CLANG_WARN_BLOCK_CAPTURE_AUTORELEASING = YES;
				CLANG_WARN_BOOL_CONVERSION = YES;
				CLANG_WARN_COMMA = YES;
				CLANG_WARN_CONSTANT_CONVERSION = YES;
				CLANG_WARN_DEPRECATED_OBJC_IMPLEMENTATIONS = YES;
				CLANG_WARN_DIRECT_OBJC_ISA_USAGE = YES_ERROR;
				CLANG_WARN_DOCUMENTATION_COMMENTS = YES;
				CLANG_WARN_EMPTY_BODY = YES;
				CLANG_WARN_ENUM_CONVERSION = YES;
				CLANG_WARN_INFINITE_RECURSION = YES;
				CLANG_WARN_INT_CONVERSION = YES;
				CLANG_WARN_NON_LITERAL_NULL_CONVERSION = YES;
				CLANG_WARN_OBJC_IMPLICIT_RETAIN_SELF = YES;
				CLANG_WARN_OBJC_LITERAL_CONVERSION = YES;
				CLANG_WARN_OBJC_ROOT_CLASS = YES_ERROR;
				CLANG_WARN_QUOTED_INCLUDE_IN_FRAMEWORK_HEADER = YES;
				CLANG_WARN_RANGE_LOOP_ANALYSIS = YES;
				CLANG_WARN_STRICT_PROTOTYPES = YES;
				CLANG_WARN_SUSPICIOUS_MOVE = YES;
				CLANG_WARN_UNGUARDED_AVAILABILITY = YES_AGGRESSIVE;
				CLANG_WARN_UNREACHABLE_CODE = YES;
				CLANG_WARN__DUPLICATE_METHOD_MATCH = YES;
				COPY_PHASE_STRIP = NO;
				DEBUG_INFORMATION_FORMAT = dwarf;
				ENABLE_STRICT_OBJC_MSGSEND = YES;
				ENABLE_TESTABILITY = YES;
				GCC_C_LANGUAGE_STANDARD = gnu11;
				GCC_DYNAMIC_NO_PIC = NO;
				GCC_NO_COMMON_BLOCKS = YES;
				GCC_OPTIMIZATION_LEVEL = 0;
				GCC_PREPROCESSOR_DEFINITIONS = (
					"DEBUG=1",
					"$(inherited)",
				);
				GCC_WARN_64_TO_32_BIT_CONVERSION = YES;
				GCC_WARN_ABOUT_RETURN_TYPE = YES_ERROR;
				GCC_WARN_UNDECLARED_SELECTOR = YES;
				GCC_WARN_UNINITIALIZED_AUTOS = YES_AGGRESSIVE;
				GCC_WARN_UNUSED_FUNCTION = YES;
				GCC_WARN_UNUSED_VARIABLE = YES;
				IPHONEOS_DEPLOYMENT_TARGET = 16.0;
				MTL_ENABLE_DEBUG_INFO = INCLUDE_SOURCE;
				MTL_FAST_MATH = YES;
				ONLY_ACTIVE_ARCH = YES;
				SDKROOT = iphoneos;
				SWIFT_ACTIVE_COMPILATION_CONDITIONS = DEBUG;
				SWIFT_OPTIMIZATION_LEVEL = "-Onone";
			};
			name = Debug;
		};
		F5DAE9F3292677C600316BBB /* Release */ = {
			isa = XCBuildConfiguration;
			buildSettings = {
				ALWAYS_SEARCH_USER_PATHS = NO;
				CLANG_ANALYZER_NONNULL = YES;
				CLANG_ANALYZER_NUMBER_OBJECT_CONVERSION = YES_AGGRESSIVE;
				CLANG_CXX_LANGUAGE_STANDARD = "gnu++20";
				CLANG_ENABLE_MODULES = YES;
				CLANG_ENABLE_OBJC_ARC = YES;
				CLANG_ENABLE_OBJC_WEAK = YES;
				CLANG_WARN_BLOCK_CAPTURE_AUTORELEASING = YES;
				CLANG_WARN_BOOL_CONVERSION = YES;
				CLANG_WARN_COMMA = YES;
				CLANG_WARN_CONSTANT_CONVERSION = YES;
				CLANG_WARN_DEPRECATED_OBJC_IMPLEMENTATIONS = YES;
				CLANG_WARN_DIRECT_OBJC_ISA_USAGE = YES_ERROR;
				CLANG_WARN_DOCUMENTATION_COMMENTS = YES;
				CLANG_WARN_EMPTY_BODY = YES;
				CLANG_WARN_ENUM_CONVERSION = YES;
				CLANG_WARN_INFINITE_RECURSION = YES;
				CLANG_WARN_INT_CONVERSION = YES;
				CLANG_WARN_NON_LITERAL_NULL_CONVERSION = YES;
				CLANG_WARN_OBJC_IMPLICIT_RETAIN_SELF = YES;
				CLANG_WARN_OBJC_LITERAL_CONVERSION = YES;
				CLANG_WARN_OBJC_ROOT_CLASS = YES_ERROR;
				CLANG_WARN_QUOTED_INCLUDE_IN_FRAMEWORK_HEADER = YES;
				CLANG_WARN_RANGE_LOOP_ANALYSIS = YES;
				CLANG_WARN_STRICT_PROTOTYPES = YES;
				CLANG_WARN_SUSPICIOUS_MOVE = YES;
				CLANG_WARN_UNGUARDED_AVAILABILITY = YES_AGGRESSIVE;
				CLANG_WARN_UNREACHABLE_CODE = YES;
				CLANG_WARN__DUPLICATE_METHOD_MATCH = YES;
				COPY_PHASE_STRIP = NO;
				DEBUG_INFORMATION_FORMAT = "dwarf-with-dsym";
				ENABLE_NS_ASSERTIONS = NO;
				ENABLE_STRICT_OBJC_MSGSEND = YES;
				GCC_C_LANGUAGE_STANDARD = gnu11;
				GCC_NO_COMMON_BLOCKS = YES;
				GCC_WARN_64_TO_32_BIT_CONVERSION = YES;
				GCC_WARN_ABOUT_RETURN_TYPE = YES_ERROR;
				GCC_WARN_UNDECLARED_SELECTOR = YES;
				GCC_WARN_UNINITIALIZED_AUTOS = YES_AGGRESSIVE;
				GCC_WARN_UNUSED_FUNCTION = YES;
				GCC_WARN_UNUSED_VARIABLE = YES;
				IPHONEOS_DEPLOYMENT_TARGET = 16.0;
				MTL_ENABLE_DEBUG_INFO = NO;
				MTL_FAST_MATH = YES;
				SDKROOT = iphoneos;
				SWIFT_COMPILATION_MODE = wholemodule;
				SWIFT_OPTIMIZATION_LEVEL = "-O";
				VALIDATE_PRODUCT = YES;
			};
			name = Release;
		};
		F5DAE9F5292677C600316BBB /* Debug */ = {
			isa = XCBuildConfiguration;
			buildSettings = {
				ASSETCATALOG_COMPILER_APPICON_NAME = AppIcon;
				ASSETCATALOG_COMPILER_GLOBAL_ACCENT_COLOR_NAME = AccentColor;
				CODE_SIGN_STYLE = Automatic;
				CURRENT_PROJECT_VERSION = 1;
				DEVELOPMENT_ASSET_PATHS = "\"Cookademy/Preview Content\"";
				DEVELOPMENT_TEAM = 6VBLR4JUZZ;
				ENABLE_PREVIEWS = YES;
				GENERATE_INFOPLIST_FILE = YES;
				INFOPLIST_KEY_UIApplicationSceneManifest_Generation = YES;
				INFOPLIST_KEY_UIApplicationSupportsIndirectInputEvents = YES;
				INFOPLIST_KEY_UILaunchScreen_Generation = YES;
				INFOPLIST_KEY_UISupportedInterfaceOrientations_iPad = "UIInterfaceOrientationPortrait UIInterfaceOrientationPortraitUpsideDown UIInterfaceOrientationLandscapeLeft UIInterfaceOrientationLandscapeRight";
				INFOPLIST_KEY_UISupportedInterfaceOrientations_iPhone = "UIInterfaceOrientationPortrait UIInterfaceOrientationLandscapeLeft UIInterfaceOrientationLandscapeRight";
				IPHONEOS_DEPLOYMENT_TARGET = 14.0;
				LD_RUNPATH_SEARCH_PATHS = (
					"$(inherited)",
					"@executable_path/Frameworks",
				);
				MARKETING_VERSION = 1.0;
				PRODUCT_BUNDLE_IDENTIFIER = com.TrentGlimp.Cookademy;
				PRODUCT_NAME = "$(TARGET_NAME)";
				SWIFT_EMIT_LOC_STRINGS = YES;
				SWIFT_VERSION = 5.0;
				TARGETED_DEVICE_FAMILY = "1,2";
			};
			name = Debug;
		};
		F5DAE9F6292677C600316BBB /* Release */ = {
			isa = XCBuildConfiguration;
			buildSettings = {
				ASSETCATALOG_COMPILER_APPICON_NAME = AppIcon;
				ASSETCATALOG_COMPILER_GLOBAL_ACCENT_COLOR_NAME = AccentColor;
				CODE_SIGN_STYLE = Automatic;
				CURRENT_PROJECT_VERSION = 1;
				DEVELOPMENT_ASSET_PATHS = "\"Cookademy/Preview Content\"";
				DEVELOPMENT_TEAM = 6VBLR4JUZZ;
				ENABLE_PREVIEWS = YES;
				GENERATE_INFOPLIST_FILE = YES;
				INFOPLIST_KEY_UIApplicationSceneManifest_Generation = YES;
				INFOPLIST_KEY_UIApplicationSupportsIndirectInputEvents = YES;
				INFOPLIST_KEY_UILaunchScreen_Generation = YES;
				INFOPLIST_KEY_UISupportedInterfaceOrientations_iPad = "UIInterfaceOrientationPortrait UIInterfaceOrientationPortraitUpsideDown UIInterfaceOrientationLandscapeLeft UIInterfaceOrientationLandscapeRight";
				INFOPLIST_KEY_UISupportedInterfaceOrientations_iPhone = "UIInterfaceOrientationPortrait UIInterfaceOrientationLandscapeLeft UIInterfaceOrientationLandscapeRight";
				IPHONEOS_DEPLOYMENT_TARGET = 14.0;
				LD_RUNPATH_SEARCH_PATHS = (
					"$(inherited)",
					"@executable_path/Frameworks",
				);
				MARKETING_VERSION = 1.0;
				PRODUCT_BUNDLE_IDENTIFIER = com.TrentGlimp.Cookademy;
				PRODUCT_NAME = "$(TARGET_NAME)";
				SWIFT_EMIT_LOC_STRINGS = YES;
				SWIFT_VERSION = 5.0;
				TARGETED_DEVICE_FAMILY = "1,2";
			};
			name = Release;
		};
/* End XCBuildConfiguration section */

/* Begin XCConfigurationList section */
		F5DAE9E1292677C300316BBB /* Build configuration list for PBXProject "Cookademy" */ = {
			isa = XCConfigurationList;
			buildConfigurations = (
				F5DAE9F2292677C600316BBB /* Debug */,
				F5DAE9F3292677C600316BBB /* Release */,
			);
			defaultConfigurationIsVisible = 0;
			defaultConfigurationName = Release;
		};
		F5DAE9F4292677C600316BBB /* Build configuration list for PBXNativeTarget "Cookademy" */ = {
			isa = XCConfigurationList;
			buildConfigurations = (
				F5DAE9F5292677C600316BBB /* Debug */,
				F5DAE9F6292677C600316BBB /* Release */,
			);
			defaultConfigurationIsVisible = 0;
			defaultConfigurationName = Release;
		};
/* End XCConfigurationList section */
	};
	rootObject = F5DAE9DE292677C300316BBB /* Project object */;
}
